// !$*UTF8*$!
{
	archiveVersion = 1;
	classes = {
	};
	objectVersion = 56;
	objects = {

/* Begin PBXBuildFile section */
		281BF8122959E8D400B9CE4C /* AppDelegate.swift in Sources */ = {isa = PBXBuildFile; fileRef = 281BF8112959E8D400B9CE4C /* AppDelegate.swift */; };
		281BF8142959E8D400B9CE4C /* SceneDelegate.swift in Sources */ = {isa = PBXBuildFile; fileRef = 281BF8132959E8D400B9CE4C /* SceneDelegate.swift */; };
		281BF8192959E8D400B9CE4C /* Main.storyboard in Resources */ = {isa = PBXBuildFile; fileRef = 281BF8172959E8D400B9CE4C /* Main.storyboard */; };
		281BF81B2959E8D600B9CE4C /* Assets.xcassets in Resources */ = {isa = PBXBuildFile; fileRef = 281BF81A2959E8D600B9CE4C /* Assets.xcassets */; };
		281BF81E2959E8D600B9CE4C /* LaunchScreen.storyboard in Resources */ = {isa = PBXBuildFile; fileRef = 281BF81C2959E8D600B9CE4C /* LaunchScreen.storyboard */; };
		281BF82A2959EAA000B9CE4C /* AnimationViewController.swift in Sources */ = {isa = PBXBuildFile; fileRef = 281BF8292959EAA000B9CE4C /* AnimationViewController.swift */; };
		281BF82D2959EAFF00B9CE4C /* SpringAnimation in Frameworks */ = {isa = PBXBuildFile; productRef = 281BF82C2959EAFF00B9CE4C /* SpringAnimation */; };
		28BC3567295C7FC100EA663A /* Animation.swift in Sources */ = {isa = PBXBuildFile; fileRef = 28BC3566295C7FC100EA663A /* Animation.swift */; };
		28BC356A295C80A500EA663A /* DataStore.swift in Sources */ = {isa = PBXBuildFile; fileRef = 28BC3569295C80A500EA663A /* DataStore.swift */; };
/* End PBXBuildFile section */

/* Begin PBXFileReference section */
		281BF80E2959E8D400B9CE4C /* Animation.app */ = {isa = PBXFileReference; explicitFileType = wrapper.application; includeInIndex = 0; path = Animation.app; sourceTree = BUILT_PRODUCTS_DIR; };
		281BF8112959E8D400B9CE4C /* AppDelegate.swift */ = {isa = PBXFileReference; lastKnownFileType = sourcecode.swift; path = AppDelegate.swift; sourceTree = "<group>"; };
		281BF8132959E8D400B9CE4C /* SceneDelegate.swift */ = {isa = PBXFileReference; lastKnownFileType = sourcecode.swift; path = SceneDelegate.swift; sourceTree = "<group>"; };
		281BF8182959E8D400B9CE4C /* Base */ = {isa = PBXFileReference; lastKnownFileType = file.storyboard; name = Base; path = Base.lproj/Main.storyboard; sourceTree = "<group>"; };
		281BF81A2959E8D600B9CE4C /* Assets.xcassets */ = {isa = PBXFileReference; lastKnownFileType = folder.assetcatalog; path = Assets.xcassets; sourceTree = "<group>"; };
		281BF81D2959E8D600B9CE4C /* Base */ = {isa = PBXFileReference; lastKnownFileType = file.storyboard; name = Base; path = Base.lproj/LaunchScreen.storyboard; sourceTree = "<group>"; };
		281BF81F2959E8D600B9CE4C /* Info.plist */ = {isa = PBXFileReference; lastKnownFileType = text.plist.xml; path = Info.plist; sourceTree = "<group>"; };
		281BF8292959EAA000B9CE4C /* AnimationViewController.swift */ = {isa = PBXFileReference; lastKnownFileType = sourcecode.swift; path = AnimationViewController.swift; sourceTree = "<group>"; };
		28BC3566295C7FC100EA663A /* Animation.swift */ = {isa = PBXFileReference; lastKnownFileType = sourcecode.swift; path = Animation.swift; sourceTree = "<group>"; };
		28BC3569295C80A500EA663A /* DataStore.swift */ = {isa = PBXFileReference; lastKnownFileType = sourcecode.swift; path = DataStore.swift; sourceTree = "<group>"; };
/* End PBXFileReference section */

/* Begin PBXFrameworksBuildPhase section */
		281BF80B2959E8D400B9CE4C /* Frameworks */ = {
			isa = PBXFrameworksBuildPhase;
			buildActionMask = 2147483647;
			files = (
				281BF82D2959EAFF00B9CE4C /* SpringAnimation in Frameworks */,
			);
			runOnlyForDeploymentPostprocessing = 0;
		};
/* End PBXFrameworksBuildPhase section */

/* Begin PBXGroup section */
		281BF8052959E8D400B9CE4C = {
			isa = PBXGroup;
			children = (
				281BF8102959E8D400B9CE4C /* Animation */,
				281BF80F2959E8D400B9CE4C /* Products */,
			);
			sourceTree = "<group>";
		};
		281BF80F2959E8D400B9CE4C /* Products */ = {
			isa = PBXGroup;
			children = (
				281BF80E2959E8D400B9CE4C /* Animation.app */,
			);
			name = Products;
			sourceTree = "<group>";
		};
		281BF8102959E8D400B9CE4C /* Animation */ = {
			isa = PBXGroup;
			children = (
				281BF8262959E95600B9CE4C /* ViewControllers */,
				28BC3565295C7F1600EA663A /* Models */,
				28BC3568295C809800EA663A /* Services */,
				281BF8272959E96000B9CE4C /* Storyboards */,
				281BF8252959E94D00B9CE4C /* App */,
				281BF8282959E96700B9CE4C /* Resources */,
			);
			path = Animation;
			sourceTree = "<group>";
		};
		281BF8252959E94D00B9CE4C /* App */ = {
			isa = PBXGroup;
			children = (
				281BF8112959E8D400B9CE4C /* AppDelegate.swift */,
				281BF8132959E8D400B9CE4C /* SceneDelegate.swift */,
				281BF81F2959E8D600B9CE4C /* Info.plist */,
			);
			path = App;
			sourceTree = "<group>";
		};
		281BF8262959E95600B9CE4C /* ViewControllers */ = {
			isa = PBXGroup;
			children = (
				281BF8292959EAA000B9CE4C /* AnimationViewController.swift */,
			);
			path = ViewControllers;
			sourceTree = "<group>";
		};
		281BF8272959E96000B9CE4C /* Storyboards */ = {
			isa = PBXGroup;
			children = (
				281BF8172959E8D400B9CE4C /* Main.storyboard */,
				281BF81C2959E8D600B9CE4C /* LaunchScreen.storyboard */,
			);
			path = Storyboards;
			sourceTree = "<group>";
		};
		281BF8282959E96700B9CE4C /* Resources */ = {
			isa = PBXGroup;
			children = (
				281BF81A2959E8D600B9CE4C /* Assets.xcassets */,
			);
			path = Resources;
			sourceTree = "<group>";
		};
		28BC3565295C7F1600EA663A /* Models */ = {
			isa = PBXGroup;
			children = (
				28BC3566295C7FC100EA663A /* Animation.swift */,
			);
			path = Models;
			sourceTree = "<group>";
		};
		28BC3568295C809800EA663A /* Services */ = {
			isa = PBXGroup;
			children = (
				28BC3569295C80A500EA663A /* DataStore.swift */,
			);
			path = Services;
			sourceTree = "<group>";
		};
/* End PBXGroup section */

/* Begin PBXNativeTarget section */
		281BF80D2959E8D400B9CE4C /* Animation */ = {
			isa = PBXNativeTarget;
			buildConfigurationList = 281BF8222959E8D600B9CE4C /* Build configuration list for PBXNativeTarget "Animation" */;
			buildPhases = (
				281BF80A2959E8D400B9CE4C /* Sources */,
				281BF80B2959E8D400B9CE4C /* Frameworks */,
				281BF80C2959E8D400B9CE4C /* Resources */,
			);
			buildRules = (
			);
			dependencies = (
			);
			name = Animation;
			packageProductDependencies = (
				281BF82C2959EAFF00B9CE4C /* SpringAnimation */,
			);
			productName = Animation;
			productReference = 281BF80E2959E8D400B9CE4C /* Animation.app */;
			productType = "com.apple.product-type.application";
		};
/* End PBXNativeTarget section */

/* Begin PBXProject section */
		281BF8062959E8D400B9CE4C /* Project object */ = {
			isa = PBXProject;
			attributes = {
				BuildIndependentTargetsInParallel = 1;
				LastSwiftUpdateCheck = 1410;
				LastUpgradeCheck = 1410;
				TargetAttributes = {
					281BF80D2959E8D400B9CE4C = {
						CreatedOnToolsVersion = 14.1;
					};
				};
			};
			buildConfigurationList = 281BF8092959E8D400B9CE4C /* Build configuration list for PBXProject "Animation" */;
			compatibilityVersion = "Xcode 14.0";
			developmentRegion = en;
			hasScannedForEncodings = 0;
			knownRegions = (
				en,
				Base,
			);
			mainGroup = 281BF8052959E8D400B9CE4C;
			packageReferences = (
				281BF82B2959EAFF00B9CE4C /* XCRemoteSwiftPackageReference "SpringAnimation" */,
			);
			productRefGroup = 281BF80F2959E8D400B9CE4C /* Products */;
			projectDirPath = "";
			projectRoot = "";
			targets = (
				281BF80D2959E8D400B9CE4C /* Animation */,
			);
		};
/* End PBXProject section */

/* Begin PBXResourcesBuildPhase section */
		281BF80C2959E8D400B9CE4C /* Resources */ = {
			isa = PBXResourcesBuildPhase;
			buildActionMask = 2147483647;
			files = (
				281BF81E2959E8D600B9CE4C /* LaunchScreen.storyboard in Resources */,
				281BF81B2959E8D600B9CE4C /* Assets.xcassets in Resources */,
				281BF8192959E8D400B9CE4C /* Main.storyboard in Resources */,
			);
			runOnlyForDeploymentPostprocessing = 0;
		};
/* End PBXResourcesBuildPhase section */

/* Begin PBXSourcesBuildPhase section */
		281BF80A2959E8D400B9CE4C /* Sources */ = {
			isa = PBXSourcesBuildPhase;
			buildActionMask = 2147483647;
			files = (
				281BF82A2959EAA000B9CE4C /* AnimationViewController.swift in Sources */,
				281BF8122959E8D400B9CE4C /* AppDelegate.swift in Sources */,
				28BC3567295C7FC100EA663A /* Animation.swift in Sources */,
				28BC356A295C80A500EA663A /* DataStore.swift in Sources */,
				281BF8142959E8D400B9CE4C /* SceneDelegate.swift in Sources */,
			);
			runOnlyForDeploymentPostprocessing = 0;
		};
/* End PBXSourcesBuildPhase section */

/* Begin PBXVariantGroup section */
		281BF8172959E8D400B9CE4C /* Main.storyboard */ = {
			isa = PBXVariantGroup;
			children = (
				281BF8182959E8D400B9CE4C /* Base */,
			);
			name = Main.storyboard;
			sourceTree = "<group>";
		};
		281BF81C2959E8D600B9CE4C /* LaunchScreen.storyboard */ = {
			isa = PBXVariantGroup;
			children = (
				281BF81D2959E8D600B9CE4C /* Base */,
			);
			name = LaunchScreen.storyboard;
			sourceTree = "<group>";
		};
/* End PBXVariantGroup section */

/* Begin XCBuildConfiguration section */
		281BF8202959E8D600B9CE4C /* Debug */ = {
			isa = XCBuildConfiguration;
			buildSettings = {
				ALWAYS_SEARCH_USER_PATHS = NO;
				CLANG_ANALYZER_NONNULL = YES;
				CLANG_ANALYZER_NUMBER_OBJECT_CONVERSION = YES_AGGRESSIVE;
				CLANG_CXX_LANGUAGE_STANDARD = "gnu++20";
				CLANG_ENABLE_MODULES = YES;
				CLANG_ENABLE_OBJC_ARC = YES;
				CLANG_ENABLE_OBJC_WEAK = YES;
				CLANG_WARN_BLOCK_CAPTURE_AUTORELEASING = YES;
				CLANG_WARN_BOOL_CONVERSION = YES;
				CLANG_WARN_COMMA = YES;
				CLANG_WARN_CONSTANT_CONVERSION = YES;
				CLANG_WARN_DEPRECATED_OBJC_IMPLEMENTATIONS = YES;
				CLANG_WARN_DIRECT_OBJC_ISA_USAGE = YES_ERROR;
				CLANG_WARN_DOCUMENTATION_COMMENTS = YES;
				CLANG_WARN_EMPTY_BODY = YES;
				CLANG_WARN_ENUM_CONVERSION = YES;
				CLANG_WARN_INFINITE_RECURSION = YES;
				CLANG_WARN_INT_CONVERSION = YES;
				CLANG_WARN_NON_LITERAL_NULL_CONVERSION = YES;
				CLANG_WARN_OBJC_IMPLICIT_RETAIN_SELF = YES;
				CLANG_WARN_OBJC_LITERAL_CONVERSION = YES;
				CLANG_WARN_OBJC_ROOT_CLASS = YES_ERROR;
				CLANG_WARN_QUOTED_INCLUDE_IN_FRAMEWORK_HEADER = YES;
				CLANG_WARN_RANGE_LOOP_ANALYSIS = YES;
				CLANG_WARN_STRICT_PROTOTYPES = YES;
				CLANG_WARN_SUSPICIOUS_MOVE = YES;
				CLANG_WARN_UNGUARDED_AVAILABILITY = YES_AGGRESSIVE;
				CLANG_WARN_UNREACHABLE_CODE = YES;
				CLANG_WARN__DUPLICATE_METHOD_MATCH = YES;
				COPY_PHASE_STRIP = NO;
				DEBUG_INFORMATION_FORMAT = dwarf;
				ENABLE_STRICT_OBJC_MSGSEND = YES;
				ENABLE_TESTABILITY = YES;
				GCC_C_LANGUAGE_STANDARD = gnu11;
				GCC_DYNAMIC_NO_PIC = NO;
				GCC_NO_COMMON_BLOCKS = YES;
				GCC_OPTIMIZATION_LEVEL = 0;
				GCC_PREPROCESSOR_DEFINITIONS = (
					"DEBUG=1",
					"$(inherited)",
				);
				GCC_WARN_64_TO_32_BIT_CONVERSION = YES;
				GCC_WARN_ABOUT_RETURN_TYPE = YES_ERROR;
				GCC_WARN_UNDECLARED_SELECTOR = YES;
				GCC_WARN_UNINITIALIZED_AUTOS = YES_AGGRESSIVE;
				GCC_WARN_UNUSED_FUNCTION = YES;
				GCC_WARN_UNUSED_VARIABLE = YES;
				IPHONEOS_DEPLOYMENT_TARGET = 16.1;
				MTL_ENABLE_DEBUG_INFO = INCLUDE_SOURCE;
				MTL_FAST_MATH = YES;
				ONLY_ACTIVE_ARCH = YES;
				SDKROOT = iphoneos;
				SWIFT_ACTIVE_COMPILATION_CONDITIONS = DEBUG;
				SWIFT_OPTIMIZATION_LEVEL = "-Onone";
			};
			name = Debug;
		};
		281BF8212959E8D600B9CE4C /* Release */ = {
			isa = XCBuildConfiguration;
			buildSettings = {
				ALWAYS_SEARCH_USER_PATHS = NO;
				CLANG_ANALYZER_NONNULL = YES;
				CLANG_ANALYZER_NUMBER_OBJECT_CONVERSION = YES_AGGRESSIVE;
				CLANG_CXX_LANGUAGE_STANDARD = "gnu++20";
				CLANG_ENABLE_MODULES = YES;
				CLANG_ENABLE_OBJC_ARC = YES;
				CLANG_ENABLE_OBJC_WEAK = YES;
				CLANG_WARN_BLOCK_CAPTURE_AUTORELEASING = YES;
				CLANG_WARN_BOOL_CONVERSION = YES;
				CLANG_WARN_COMMA = YES;
				CLANG_WARN_CONSTANT_CONVERSION = YES;
				CLANG_WARN_DEPRECATED_OBJC_IMPLEMENTATIONS = YES;
				CLANG_WARN_DIRECT_OBJC_ISA_USAGE = YES_ERROR;
				CLANG_WARN_DOCUMENTATION_COMMENTS = YES;
				CLANG_WARN_EMPTY_BODY = YES;
				CLANG_WARN_ENUM_CONVERSION = YES;
				CLANG_WARN_INFINITE_RECURSION = YES;
				CLANG_WARN_INT_CONVERSION = YES;
				CLANG_WARN_NON_LITERAL_NULL_CONVERSION = YES;
				CLANG_WARN_OBJC_IMPLICIT_RETAIN_SELF = YES;
				CLANG_WARN_OBJC_LITERAL_CONVERSION = YES;
				CLANG_WARN_OBJC_ROOT_CLASS = YES_ERROR;
				CLANG_WARN_QUOTED_INCLUDE_IN_FRAMEWORK_HEADER = YES;
				CLANG_WARN_RANGE_LOOP_ANALYSIS = YES;
				CLANG_WARN_STRICT_PROTOTYPES = YES;
				CLANG_WARN_SUSPICIOUS_MOVE = YES;
				CLANG_WARN_UNGUARDED_AVAILABILITY = YES_AGGRESSIVE;
				CLANG_WARN_UNREACHABLE_CODE = YES;
				CLANG_WARN__DUPLICATE_METHOD_MATCH = YES;
				COPY_PHASE_STRIP = NO;
				DEBUG_INFORMATION_FORMAT = "dwarf-with-dsym";
				ENABLE_NS_ASSERTIONS = NO;
				ENABLE_STRICT_OBJC_MSGSEND = YES;
				GCC_C_LANGUAGE_STANDARD = gnu11;
				GCC_NO_COMMON_BLOCKS = YES;
				GCC_WARN_64_TO_32_BIT_CONVERSION = YES;
				GCC_WARN_ABOUT_RETURN_TYPE = YES_ERROR;
				GCC_WARN_UNDECLARED_SELECTOR = YES;
				GCC_WARN_UNINITIALIZED_AUTOS = YES_AGGRESSIVE;
				GCC_WARN_UNUSED_FUNCTION = YES;
				GCC_WARN_UNUSED_VARIABLE = YES;
				IPHONEOS_DEPLOYMENT_TARGET = 16.1;
				MTL_ENABLE_DEBUG_INFO = NO;
				MTL_FAST_MATH = YES;
				SDKROOT = iphoneos;
				SWIFT_COMPILATION_MODE = wholemodule;
				SWIFT_OPTIMIZATION_LEVEL = "-O";
				VALIDATE_PRODUCT = YES;
			};
			name = Release;
		};
		281BF8232959E8D600B9CE4C /* Debug */ = {
			isa = XCBuildConfiguration;
			buildSettings = {
				ASSETCATALOG_COMPILER_APPICON_NAME = AppIcon;
				ASSETCATALOG_COMPILER_GLOBAL_ACCENT_COLOR_NAME = AccentColor;
				CODE_SIGN_STYLE = Automatic;
				CURRENT_PROJECT_VERSION = 1;
				DEVELOPMENT_TEAM = Z767NVP4CG;
				GENERATE_INFOPLIST_FILE = YES;
				INFOPLIST_FILE = Animation/App/Info.plist;
				INFOPLIST_KEY_UIApplicationSupportsIndirectInputEvents = YES;
				INFOPLIST_KEY_UILaunchStoryboardName = LaunchScreen;
				INFOPLIST_KEY_UIMainStoryboardFile = Main;
				INFOPLIST_KEY_UISupportedInterfaceOrientations = UIInterfaceOrientationPortrait;
				INFOPLIST_KEY_UISupportedInterfaceOrientations_iPad = "UIInterfaceOrientationLandscapeLeft UIInterfaceOrientationLandscapeRight UIInterfaceOrientationPortrait UIInterfaceOrientationPortraitUpsideDown";
				LD_RUNPATH_SEARCH_PATHS = (
					"$(inherited)",
					"@executable_path/Frameworks",
				);
				MARKETING_VERSION = 1.0;
				PRODUCT_BUNDLE_IDENTIFIER = denisvasilev.Animation;
				PRODUCT_NAME = "$(TARGET_NAME)";
				SUPPORTED_PLATFORMS = "iphoneos iphonesimulator";
				SUPPORTS_MACCATALYST = NO;
				SUPPORTS_MAC_DESIGNED_FOR_IPHONE_IPAD = NO;
				SWIFT_EMIT_LOC_STRINGS = YES;
				SWIFT_VERSION = 5.0;
				TARGETED_DEVICE_FAMILY = 1;
			};
			name = Debug;
		};
		281BF8242959E8D600B9CE4C /* Release */ = {
			isa = XCBuildConfiguration;
			buildSettings = {
				ASSETCATALOG_COMPILER_APPICON_NAME = AppIcon;
				ASSETCATALOG_COMPILER_GLOBAL_ACCENT_COLOR_NAME = AccentColor;
				CODE_SIGN_STYLE = Automatic;
				CURRENT_PROJECT_VERSION = 1;
				DEVELOPMENT_TEAM = Z767NVP4CG;
				GENERATE_INFOPLIST_FILE = YES;
				INFOPLIST_FILE = Animation/App/Info.plist;
				INFOPLIST_KEY_UIApplicationSupportsIndirectInputEvents = YES;
				INFOPLIST_KEY_UILaunchStoryboardName = LaunchScreen;
				INFOPLIST_KEY_UIMainStoryboardFile = Main;
				INFOPLIST_KEY_UISupportedInterfaceOrientations = UIInterfaceOrientationPortrait;
				INFOPLIST_KEY_UISupportedInterfaceOrientations_iPad = "UIInterfaceOrientationLandscapeLeft UIInterfaceOrientationLandscapeRight UIInterfaceOrientationPortrait UIInterfaceOrientationPortraitUpsideDown";
				LD_RUNPATH_SEARCH_PATHS = (
					"$(inherited)",
					"@executable_path/Frameworks",
				);
				MARKETING_VERSION = 1.0;
				PRODUCT_BUNDLE_IDENTIFIER = denisvasilev.Animation;
				PRODUCT_NAME = "$(TARGET_NAME)";
				SUPPORTED_PLATFORMS = "iphoneos iphonesimulator";
				SUPPORTS_MACCATALYST = NO;
				SUPPORTS_MAC_DESIGNED_FOR_IPHONE_IPAD = NO;
				SWIFT_EMIT_LOC_STRINGS = YES;
				SWIFT_VERSION = 5.0;
				TARGETED_DEVICE_FAMILY = 1;
			};
			name = Release;
		};
/* End XCBuildConfiguration section */

/* Begin XCConfigurationList section */
		281BF8092959E8D400B9CE4C /* Build configuration list for PBXProject "Animation" */ = {
			isa = XCConfigurationList;
			buildConfigurations = (
				281BF8202959E8D600B9CE4C /* Debug */,
				281BF8212959E8D600B9CE4C /* Release */,
			);
			defaultConfigurationIsVisible = 0;
			defaultConfigurationName = Release;
		};
		281BF8222959E8D600B9CE4C /* Build configuration list for PBXNativeTarget "Animation" */ = {
			isa = XCConfigurationList;
			buildConfigurations = (
				281BF8232959E8D600B9CE4C /* Debug */,
				281BF8242959E8D600B9CE4C /* Release */,
			);
			defaultConfigurationIsVisible = 0;
			defaultConfigurationName = Release;
		};
/* End XCConfigurationList section */

/* Begin XCRemoteSwiftPackageReference section */
		281BF82B2959EAFF00B9CE4C /* XCRemoteSwiftPackageReference "SpringAnimation" */ = {
			isa = XCRemoteSwiftPackageReference;
			repositoryURL = "https://github.com/LexDeBash/SpringAnimation";
			requirement = {
				kind = upToNextMinorVersion;
				minimumVersion = 0.3.0;
			};
		};
/* End XCRemoteSwiftPackageReference section */

/* Begin XCSwiftPackageProductDependency section */
		281BF82C2959EAFF00B9CE4C /* SpringAnimation */ = {
			isa = XCSwiftPackageProductDependency;
			package = 281BF82B2959EAFF00B9CE4C /* XCRemoteSwiftPackageReference "SpringAnimation" */;
			productName = SpringAnimation;
		};
/* End XCSwiftPackageProductDependency section */
	};
	rootObject = 281BF8062959E8D400B9CE4C /* Project object */;
}
